
Microsoft Visual Studio Solution File, Format Version 12.00
# Visual Studio Version 16
VisualStudioVersion = 16.0.30517.126
MinimumVisualStudioVersion = 10.0.40219.1
Project("{FAE04EC0-301F-11D3-BF4B-00C04F79EFBC}") = "API", "API\API.csproj", "{7580FD29-D0E8-45B3-91F6-6C1539072F75}"
EndProject
Global
	GlobalSection(SolutionConfigurationPlatforms) = preSolution
		Debug|Any CPU = Debug|Any CPU
		Release|Any CPU = Release|Any CPU
	EndGlobalSection
	GlobalSection(ProjectConfigurationPlatforms) = postSolution
		{7580FD29-D0E8-45B3-91F6-6C1539072F75}.Debug|Any CPU.ActiveCfg = Debug|Any CPU
		{7580FD29-D0E8-45B3-91F6-6C1539072F75}.Debug|Any CPU.Build.0 = Debug|Any CPU
		{7580FD29-D0E8-45B3-91F6-6C1539072F75}.Release|Any CPU.ActiveCfg = Release|Any CPU
		{7580FD29-D0E8-45B3-91F6-6C1539072F75}.Release|Any CPU.Build.0 = Release|Any CPU
	EndGlobalSection
	GlobalSection(SolutionProperties) = preSolution
		HideSolutionNode = FALSE
	EndGlobalSection
	GlobalSection(ExtensibilityGlobals) = postSolution
		SolutionGuid = {AD4B06F1-776E-4C8F-A2A1-A01B3F7EFC49}
	EndGlobalSection
EndGlobal
